{
  "name": "cornhacks",
  "version": "1.0.0",
  "lockfileVersion": 3,
  "requires": true,
  "packages": {
    "": {
      "name": "cornhacks",
      "version": "1.0.0",
      "license": "UNLICENSED",
      "dependencies": {
        "p5": "^1.11.3"
      },
      "devDependencies": {
        "typescript": "^5.8.2"
      }
    },
    "node_modules/p5": {
      "version": "1.11.3",
      "resolved": "https://registry.npmjs.org/p5/-/p5-1.11.3.tgz",
      "integrity": "sha512-5eiyuZ3Pvo6ucr3nr8AzD+qwpoleiIEF2a2HmiO6PJM1tnbD0LmLlckZyYGJATs0tdmRjc37Muh6KPS4d1FHHg==",
      "license": "LGPL-2.1"
    },
    "node_modules/typescript": {
      "version": "5.8.2",
      "resolved": "https://registry.npmjs.org/typescript/-/typescript-5.8.2.tgz",
      "integrity": "sha512-aJn6wq13/afZp/jT9QZmwEjDqqvSGp1VT5GVg+f/t6/oVyrgXM6BY1h9BRh/O5p3PlUPAe+WuiEZOmb/49RqoQ==",
      "dev": true,
      "license": "Apache-2.0",
      "bin": {
        "tsc": "bin/tsc",
        "tsserver": "bin/tsserver"
      },
      "engines": {
        "node": ">=14.17"
      }
    }
  }
}
